{
  "version": 4,
  "terraform_version": "1.3.9",
  "serial": 112,
  "lineage": "331d5555-8cc1-eb07-634c-eaa2c78e6fe4",
  "outputs": {},
  "resources": [
    {
      "module": "module.assume_role",
      "mode": "data",
      "type": "aws_caller_identity",
      "name": "source",
      "provider": "module.assume_role.provider[\"registry.terraform.io/hashicorp/aws\"].source",
      "instances": [
        {
          "schema_version": 0,
          "attributes": {
            "account_id": "811551178572",
            "arn": "arn:aws:iam::811551178572:user/danieldev",
            "id": "811551178572",
            "user_id": "AIDA3Z5BYH5GJXSPQM24P"
          },
          "sensitive_attributes": []
        }
      ]
    },
    {
      "module": "module.assume_role",
      "mode": "data",
      "type": "aws_iam_policy",
      "name": "ec2",
      "provider": "module.assume_role.provider[\"registry.terraform.io/hashicorp/aws\"].destination",
      "instances": [
        {
          "schema_version": 0,
          "attributes": {
            "arn": "arn:aws:iam::aws:policy/AmazonEC2FullAccess",
            "description": "Provides full access to Amazon EC2 via the AWS Management Console.",
            "id": "arn:aws:iam::aws:policy/AmazonEC2FullAccess",
            "name": "AmazonEC2FullAccess",
            "path": "/",
            "path_prefix": null,
            "policy": "{\n  \"Version\": \"2012-10-17\",\n  \"Statement\": [\n    {\n      \"Action\": \"ec2:*\",\n      \"Effect\": \"Allow\",\n      \"Resource\": \"*\"\n    },\n    {\n      \"Effect\": \"Allow\",\n      \"Action\": \"elasticloadbalancing:*\",\n      \"Resource\": \"*\"\n    },\n    {\n      \"Effect\": \"Allow\",\n      \"Action\": \"cloudwatch:*\",\n      \"Resource\": \"*\"\n    },\n    {\n      \"Effect\": \"Allow\",\n      \"Action\": \"autoscaling:*\",\n      \"Resource\": \"*\"\n    },\n    {\n      \"Effect\": \"Allow\",\n      \"Action\": \"iam:CreateServiceLinkedRole\",\n      \"Resource\": \"*\",\n      \"Condition\": {\n        \"StringEquals\": {\n          \"iam:AWSServiceName\": [\n            \"autoscaling.amazonaws.com\",\n            \"ec2scheduled.amazonaws.com\",\n            \"elasticloadbalancing.amazonaws.com\",\n            \"spot.amazonaws.com\",\n            \"spotfleet.amazonaws.com\",\n            \"transitgateway.amazonaws.com\"\n          ]\n        }\n      }\n    }\n  ]\n}",
            "policy_id": "ANPAI3VAJF5ZCRZ7MCQE6",
            "tags": {}
          },
          "sensitive_attributes": []
        }
      ]
    },
    {
      "module": "module.assume_role",
      "mode": "data",
      "type": "aws_iam_policy_document",
      "name": "assume_role",
      "provider": "module.assume_role.provider[\"registry.terraform.io/hashicorp/aws\"].destination",
      "instances": [
        {
          "schema_version": 0,
          "attributes": {
            "id": "1535015683",
            "json": "{\n  \"Version\": \"2012-10-17\",\n  \"Statement\": [\n    {\n      \"Sid\": \"\",\n      \"Effect\": \"Allow\",\n      \"Action\": [\n        \"sts:TagSession\",\n        \"sts:SetSourceIdentity\",\n        \"sts:AssumeRole\"\n      ],\n      \"Principal\": {\n        \"AWS\": \"arn:aws:iam::811551178572:root\"\n      }\n    }\n  ]\n}",
            "override_json": null,
            "override_policy_documents": null,
            "policy_id": null,
            "source_json": null,
            "source_policy_documents": null,
            "statement": [
              {
                "actions": [
                  "sts:AssumeRole",
                  "sts:SetSourceIdentity",
                  "sts:TagSession"
                ],
                "condition": [],
                "effect": "Allow",
                "not_actions": [],
                "not_principals": [],
                "not_resources": [],
                "principals": [
                  {
                    "identifiers": [
                      "arn:aws:iam::811551178572:root"
                    ],
                    "type": "AWS"
                  }
                ],
                "resources": [],
                "sid": ""
              }
            ],
            "version": "2012-10-17"
          },
          "sensitive_attributes": []
        }
      ]
    },
    {
      "module": "module.assume_role",
      "mode": "managed",
      "type": "aws_iam_role",
      "name": "assume_role",
      "provider": "module.assume_role.provider[\"registry.terraform.io/hashicorp/aws\"].destination",
      "instances": [
        {
          "schema_version": 0,
          "attributes": {
            "arn": "arn:aws:iam::811551178572:role/assume_role",
            "assume_role_policy": "{\"Version\":\"2012-10-17\",\"Statement\":[{\"Sid\":\"\",\"Effect\":\"Allow\",\"Principal\":{\"AWS\":\"arn:aws:iam::811551178572:root\"},\"Action\":[\"sts:TagSession\",\"sts:SetSourceIdentity\",\"sts:AssumeRole\"]}]}",
            "create_date": "2023-03-07T07:31:06Z",
            "description": "",
            "force_detach_policies": false,
            "id": "assume_role",
            "inline_policy": [
              {
                "name": "",
                "policy": ""
              }
            ],
            "managed_policy_arns": [
              "arn:aws:iam::aws:policy/AmazonEC2FullAccess"
            ],
            "max_session_duration": 3600,
            "name": "assume_role",
            "name_prefix": "",
            "path": "/",
            "permissions_boundary": null,
            "tags": {},
            "tags_all": {},
            "unique_id": "AROA3Z5BYH5GG4RMWJKL3"
          },
          "sensitive_attributes": [],
          "private": "bnVsbA==",
          "dependencies": [
            "module.assume_role.data.aws_caller_identity.source",
            "module.assume_role.data.aws_iam_policy.ec2",
            "module.assume_role.data.aws_iam_policy_document.assume_role"
          ]
        }
      ]
    },
    {
      "module": "module.defaults",
      "mode": "data",
      "type": "aws_subnet",
      "name": "subnet",
      "provider": "module.defaults.provider[\"registry.terraform.io/hashicorp/aws\"]",
      "instances": [
        {
          "schema_version": 0,
          "attributes": {
            "arn": "arn:aws:ec2:ap-northeast-1:811551178572:subnet/subnet-02e649598a56e67f3",
            "assign_ipv6_address_on_creation": false,
            "availability_zone": "ap-northeast-1c",
            "availability_zone_id": "apne1-az1",
            "available_ip_address_count": 4090,
            "cidr_block": "172.31.0.0/20",
            "customer_owned_ipv4_pool": "",
            "default_for_az": true,
            "enable_dns64": false,
            "enable_resource_name_dns_a_record_on_launch": false,
            "enable_resource_name_dns_aaaa_record_on_launch": false,
            "filter": null,
            "id": "subnet-02e649598a56e67f3",
            "ipv6_cidr_block": "",
            "ipv6_cidr_block_association_id": "",
            "ipv6_native": false,
            "map_customer_owned_ip_on_launch": false,
            "map_public_ip_on_launch": true,
            "outpost_arn": "",
            "owner_id": "811551178572",
            "private_dns_hostname_type_on_launch": "ip-name",
            "state": "available",
            "tags": {
              "Subnet": "1"
            },
            "vpc_id": "vpc-0de8ee2b19f190cf5"
          },
          "sensitive_attributes": []
        }
      ]
    },
    {
      "module": "module.defaults",
      "mode": "data",
      "type": "aws_subnets",
      "name": "subnets",
      "provider": "module.defaults.provider[\"registry.terraform.io/hashicorp/aws\"]",
      "instances": [
        {
          "schema_version": 0,
          "attributes": {
            "filter": [
              {
                "name": "vpc-id",
                "values": [
                  "vpc-0de8ee2b19f190cf5"
                ]
              }
            ],
            "id": "ap-northeast-1",
            "ids": [
              "subnet-02e649598a56e67f3"
            ],
            "tags": null
          },
          "sensitive_attributes": []
        }
      ]
    },
    {
      "module": "module.defaults",
      "mode": "managed",
      "type": "aws_instance",
      "name": "instance",
      "provider": "module.defaults.provider[\"registry.terraform.io/hashicorp/aws\"]",
      "instances": [
        {
          "index_key": "subnet-02e649598a56e67f3",
          "schema_version": 1,
          "attributes": {
            "ami": "ami-0329eac6c5240c99d",
            "arn": "arn:aws:ec2:ap-northeast-1:811551178572:instance/i-09593280f51cc2201",
            "associate_public_ip_address": true,
            "availability_zone": "ap-northeast-1c",
            "capacity_reservation_specification": [
              {
                "capacity_reservation_preference": "open",
                "capacity_reservation_target": []
              }
            ],
            "cpu_core_count": 1,
            "cpu_threads_per_core": 1,
            "credit_specification": [
              {
                "cpu_credits": "standard"
              }
            ],
            "disable_api_termination": false,
            "ebs_block_device": [],
            "ebs_optimized": false,
            "enclave_options": [
              {
                "enabled": false
              }
            ],
            "ephemeral_block_device": [],
            "get_password_data": false,
            "hibernation": false,
            "host_id": null,
            "iam_instance_profile": "",
            "id": "i-09593280f51cc2201",
            "instance_initiated_shutdown_behavior": "stop",
            "instance_state": "running",
            "instance_type": "t2.micro",
            "ipv6_address_count": 0,
            "ipv6_addresses": [],
            "key_name": "id-rsa-public",
            "launch_template": [],
            "metadata_options": [
              {
                "http_endpoint": "enabled",
                "http_put_response_hop_limit": 1,
                "http_tokens": "optional",
                "instance_metadata_tags": "disabled"
              }
            ],
            "monitoring": false,
            "network_interface": [],
            "outpost_arn": "",
            "password_data": "",
            "placement_group": "",
            "placement_partition_number": null,
            "primary_network_interface_id": "eni-00b00b7120fdddb27",
            "private_dns": "ip-172-31-6-144.ap-northeast-1.compute.internal",
            "private_ip": "172.31.6.144",
            "public_dns": "ec2-18-181-83-245.ap-northeast-1.compute.amazonaws.com",
            "public_ip": "18.181.83.245",
            "root_block_device": [
              {
                "delete_on_termination": true,
                "device_name": "/dev/xvda",
                "encrypted": false,
                "iops": 100,
                "kms_key_id": "",
                "tags": null,
                "throughput": 0,
                "volume_id": "vol-062c4c6301294b697",
                "volume_size": 20,
                "volume_type": "gp2"
              }
            ],
            "secondary_private_ips": [],
            "security_groups": [
              "terraform-20230307073253952200000001"
            ],
            "source_dest_check": true,
            "subnet_id": "subnet-02e649598a56e67f3",
            "tags": null,
            "tags_all": {},
            "tenancy": "default",
            "timeouts": null,
            "user_data": "adebd109bb52367537124704b16c6539c05c62f4",
            "user_data_base64": null,
            "volume_tags": null,
            "vpc_security_group_ids": [
              "sg-03a8f3c8bae11774c"
            ]
          },
          "sensitive_attributes": [],
          "private": "eyJlMmJmYjczMC1lY2FhLTExZTYtOGY4OC0zNDM2M2JjN2M0YzAiOnsiY3JlYXRlIjo2MDAwMDAwMDAwMDAsImRlbGV0ZSI6MTIwMDAwMDAwMDAwMCwidXBkYXRlIjo2MDAwMDAwMDAwMDB9LCJzY2hlbWFfdmVyc2lvbiI6IjEifQ==",
          "dependencies": [
            "module.assume_role.aws_iam_role.assume_role",
            "module.defaults.aws_key_pair.deployer",
            "module.defaults.aws_security_group.sg",
            "module.defaults.data.aws_subnets.subnets"
          ]
        }
      ]
    },
    {
      "module": "module.defaults",
      "mode": "managed",
      "type": "aws_key_pair",
      "name": "deployer",
      "provider": "module.defaults.provider[\"registry.terraform.io/hashicorp/aws\"]",
      "instances": [
        {
          "schema_version": 1,
          "attributes": {
            "arn": "arn:aws:ec2:ap-northeast-1:811551178572:key-pair/id-rsa-public",
            "fingerprint": "60:19:cb:e4:dc:17:61:36:d3:61:81:08:91:47:e7:8b",
            "id": "id-rsa-public",
            "key_name": "id-rsa-public",
            "key_name_prefix": "",
            "key_pair_id": "key-0f28c10963379521b",
            "public_key": "ssh-rsa AAAAB3NzaC1yc2EAAAADAQABAAABgQC1+ZbpnVVtvD4dXUhZeShIE3plR7PZd9OjKk5arN60BRvlJ8Qbvo0jJH/wl2YA4sjTowkuVpwBIFt7PBJhI2TKmPoR4FCBcE4rucuLQ7d/JofsNh7xlUg8iJ6q3PEXyn+9c2lYZPbvXEwS33w75zYIxLYK+bUtqxxW+SCkWHGPsLTPCvZy33WYG2kjoquNdYZKCH23njEGp1IeSb+dpCK3CetDEJ6Pcm8/eSCkouGONYi7V8x+RqoVXlc2fkxBQF8hpl2qjly/v38YWXUTFNI4ygneWzjt/Hd7o5ZvyzRJrTNqz9vd1sG7ozEEBfYMBPephO6dr9PU6iY7ARCSMLHndz8hiuQusvI9riPLV/84YF0AMQAu2McOhxiImejXfvRITiBOZWW+lgqc9cNytAqQLke3jroyFdq0d5dt1fYsPzdz/xHfWif8piGIEKtkxy7mNK5ehf09xThd8SGv/roS1uoAxjvzXpbX6emYyI8k/3/KGPUvC8M096V68EBJDP0=",
            "tags": null,
            "tags_all": {}
          },
          "sensitive_attributes": [],
          "private": "eyJzY2hlbWFfdmVyc2lvbiI6IjEifQ==",
          "dependencies": [
            "module.assume_role.aws_iam_role.assume_role"
          ]
        }
      ]
    },
    {
      "module": "module.defaults",
      "mode": "managed",
      "type": "aws_security_group",
      "name": "sg",
      "provider": "module.defaults.provider[\"registry.terraform.io/hashicorp/aws\"]",
      "instances": [
        {
          "schema_version": 1,
          "attributes": {
            "arn": "arn:aws:ec2:ap-northeast-1:811551178572:security-group/sg-03a8f3c8bae11774c",
            "description": "test sg for terraform",
            "egress": [
              {
                "cidr_blocks": [
                  "0.0.0.0/0"
                ],
                "description": "",
                "from_port": 0,
                "ipv6_cidr_blocks": [
                  "::/0"
                ],
                "prefix_list_ids": [],
                "protocol": "-1",
                "security_groups": [],
                "self": false,
                "to_port": 0
              }
            ],
            "id": "sg-03a8f3c8bae11774c",
            "ingress": [
              {
                "cidr_blocks": [
                  "111.243.187.126/32"
                ],
                "description": "Ethernet",
                "from_port": 22,
                "ipv6_cidr_blocks": [],
                "prefix_list_ids": [],
                "protocol": "tcp",
                "security_groups": [],
                "self": false,
                "to_port": 22
              },
              {
                "cidr_blocks": [
                  "111.243.187.126/32"
                ],
                "description": "Node",
                "from_port": 3000,
                "ipv6_cidr_blocks": [],
                "prefix_list_ids": [],
                "protocol": "tcp",
                "security_groups": [],
                "self": false,
                "to_port": 3000
              },
              {
                "cidr_blocks": [
                  "111.243.187.126/32"
                ],
                "description": "Port",
                "from_port": 80,
                "ipv6_cidr_blocks": [],
                "prefix_list_ids": [],
                "protocol": "tcp",
                "security_groups": [],
                "self": false,
                "to_port": 80
              }
            ],
            "name": "terraform-20230307073253952200000001",
            "name_prefix": "terraform-",
            "owner_id": "811551178572",
            "revoke_rules_on_delete": false,
            "tags": null,
            "tags_all": {},
            "timeouts": null,
            "vpc_id": "vpc-0de8ee2b19f190cf5"
          },
          "sensitive_attributes": [],
          "private": "eyJlMmJmYjczMC1lY2FhLTExZTYtOGY4OC0zNDM2M2JjN2M0YzAiOnsiY3JlYXRlIjo2MDAwMDAwMDAwMDAsImRlbGV0ZSI6OTAwMDAwMDAwMDAwfSwic2NoZW1hX3ZlcnNpb24iOiIxIn0=",
          "dependencies": [
            "module.assume_role.aws_iam_role.assume_role"
          ]
        }
      ]
    }
  ],
  "check_results": null
}
